
Microsoft Visual Studio Solution File, Format Version 12.00
# Visual Studio 15
VisualStudioVersion = 15.0.28010.2036
MinimumVisualStudioVersion = 10.0.40219.1
Project("{9A19103F-16F7-4668-BE54-9A1E7A4F7556}") = "AspNetCoreTodo", "AspNetCoreTodo.csproj", "{C1151D9F-4775-47C4-866D-462E80FAD46E}"
EndProject
Global
	GlobalSection(SolutionConfigurationPlatforms) = preSolution
		Debug|Any CPU = Debug|Any CPU
		Release|Any CPU = Release|Any CPU
	EndGlobalSection
	GlobalSection(ProjectConfigurationPlatforms) = postSolution
		{C1151D9F-4775-47C4-866D-462E80FAD46E}.Debug|Any CPU.ActiveCfg = Debug|Any CPU
		{C1151D9F-4775-47C4-866D-462E80FAD46E}.Debug|Any CPU.Build.0 = Debug|Any CPU
		{C1151D9F-4775-47C4-866D-462E80FAD46E}.Release|Any CPU.ActiveCfg = Release|Any CPU
		{C1151D9F-4775-47C4-866D-462E80FAD46E}.Release|Any CPU.Build.0 = Release|Any CPU
	EndGlobalSection
	GlobalSection(SolutionProperties) = preSolution
		HideSolutionNode = FALSE
	EndGlobalSection
	GlobalSection(ExtensibilityGlobals) = postSolution
		SolutionGuid = {8962AF06-9E1F-4F6E-B64D-F5923EC0B319}
	EndGlobalSection
EndGlobal
